
Microsoft Visual Studio Solution File, Format Version 12.00
# Visual Studio Version 16
VisualStudioVersion = 16.0.30413.136
MinimumVisualStudioVersion = 10.0.40219.1
Project("{9A19103F-16F7-4668-BE54-9A1E7A4F7556}") = "QuartzTopShelf.Linux.Service", "src\QuartzTopShelf.Linux.PoC\QuartzTopShelf.Linux.Service.csproj", "{5813CC8C-F5D8-485A-8343-81EA10893E5C}"
EndProject
Project("{9A19103F-16F7-4668-BE54-9A1E7A4F7556}") = "QuartzTopShelf.Linux.Core", "src\QuartzTopShelf.Linux.Core\QuartzTopShelf.Linux.Core.csproj", "{07E9A3C9-2E0C-4D7E-B79F-75B94A5858F5}"
EndProject
Project("{9A19103F-16F7-4668-BE54-9A1E7A4F7556}") = "QuartzTopShelf.Linux.TopShelf", "src\QuartzTopShelf.Linux.TopShelf\QuartzTopShelf.Linux.TopShelf.csproj", "{F9F28116-7B9C-4DD5-BEC1-0527FF793BD8}"
EndProject
Project("{2150E333-8FDC-42A3-9474-1A3956D46DE8}") = "Solution Items", "Solution Items", "{EDC0325E-E12E-4FBD-974C-32DDB54DC219}"
	ProjectSection(SolutionItems) = preProject
		README.md = README.md
	EndProjectSection
EndProject
Global
	GlobalSection(SolutionConfigurationPlatforms) = preSolution
		Debug|Any CPU = Debug|Any CPU
		Release|Any CPU = Release|Any CPU
	EndGlobalSection
	GlobalSection(ProjectConfigurationPlatforms) = postSolution
		{5813CC8C-F5D8-485A-8343-81EA10893E5C}.Debug|Any CPU.ActiveCfg = Debug|Any CPU
		{5813CC8C-F5D8-485A-8343-81EA10893E5C}.Debug|Any CPU.Build.0 = Debug|Any CPU
		{5813CC8C-F5D8-485A-8343-81EA10893E5C}.Release|Any CPU.ActiveCfg = Release|Any CPU
		{5813CC8C-F5D8-485A-8343-81EA10893E5C}.Release|Any CPU.Build.0 = Release|Any CPU
		{07E9A3C9-2E0C-4D7E-B79F-75B94A5858F5}.Debug|Any CPU.ActiveCfg = Debug|Any CPU
		{07E9A3C9-2E0C-4D7E-B79F-75B94A5858F5}.Debug|Any CPU.Build.0 = Debug|Any CPU
		{07E9A3C9-2E0C-4D7E-B79F-75B94A5858F5}.Release|Any CPU.ActiveCfg = Release|Any CPU
		{07E9A3C9-2E0C-4D7E-B79F-75B94A5858F5}.Release|Any CPU.Build.0 = Release|Any CPU
		{F9F28116-7B9C-4DD5-BEC1-0527FF793BD8}.Debug|Any CPU.ActiveCfg = Debug|Any CPU
		{F9F28116-7B9C-4DD5-BEC1-0527FF793BD8}.Debug|Any CPU.Build.0 = Debug|Any CPU
		{F9F28116-7B9C-4DD5-BEC1-0527FF793BD8}.Release|Any CPU.ActiveCfg = Release|Any CPU
		{F9F28116-7B9C-4DD5-BEC1-0527FF793BD8}.Release|Any CPU.Build.0 = Release|Any CPU
	EndGlobalSection
	GlobalSection(SolutionProperties) = preSolution
		HideSolutionNode = FALSE
	EndGlobalSection
	GlobalSection(ExtensibilityGlobals) = postSolution
		SolutionGuid = {C54F032C-C9EA-4EE0-9B10-A0F8515BD736}
	EndGlobalSection
EndGlobal
